
Microsoft Visual Studio Solution File, Format Version 12.00
# Visual Studio Version 17
VisualStudioVersion = 17.6.33829.357
MinimumVisualStudioVersion = 10.0.40219.1
Project("{FAE04EC0-301F-11D3-BF4B-00C04F79EFBC}") = "Rjertila.Vererbung", "Rjertila.Vererbung\Rjertila.Vererbung.csproj", "{B05BAF76-9655-4C28-932C-E071A7C54C03}"
EndProject
Global
	GlobalSection(SolutionConfigurationPlatforms) = preSolution
		Debug|Any CPU = Debug|Any CPU
		Release|Any CPU = Release|Any CPU
	EndGlobalSection
	GlobalSection(ProjectConfigurationPlatforms) = postSolution
		{B05BAF76-9655-4C28-932C-E071A7C54C03}.Debug|Any CPU.ActiveCfg = Debug|Any CPU
		{B05BAF76-9655-4C28-932C-E071A7C54C03}.Debug|Any CPU.Build.0 = Debug|Any CPU
		{B05BAF76-9655-4C28-932C-E071A7C54C03}.Release|Any CPU.ActiveCfg = Release|Any CPU
		{B05BAF76-9655-4C28-932C-E071A7C54C03}.Release|Any CPU.Build.0 = Release|Any CPU
	EndGlobalSection
	GlobalSection(SolutionProperties) = preSolution
		HideSolutionNode = FALSE
	EndGlobalSection
	GlobalSection(ExtensibilityGlobals) = postSolution
		SolutionGuid = {D10F8A08-60B8-4AB2-BF9A-9ED31D58ECDC}
	EndGlobalSection
EndGlobal
