
Microsoft Visual Studio Solution File, Format Version 12.00
# Visual Studio Version 17
VisualStudioVersion = 17.6.33829.357
MinimumVisualStudioVersion = 10.0.40219.1
Project("{FAE04EC0-301F-11D3-BF4B-00C04F79EFBC}") = "Rjertila.BMI", "Rjertila.BMI\Rjertila.BMI.csproj", "{0DC3DBDC-4E94-49F2-AE4B-E3D4B75FA4C7}"
EndProject
Global
	GlobalSection(SolutionConfigurationPlatforms) = preSolution
		Debug|Any CPU = Debug|Any CPU
		Release|Any CPU = Release|Any CPU
	EndGlobalSection
	GlobalSection(ProjectConfigurationPlatforms) = postSolution
		{0DC3DBDC-4E94-49F2-AE4B-E3D4B75FA4C7}.Debug|Any CPU.ActiveCfg = Debug|Any CPU
		{0DC3DBDC-4E94-49F2-AE4B-E3D4B75FA4C7}.Debug|Any CPU.Build.0 = Debug|Any CPU
		{0DC3DBDC-4E94-49F2-AE4B-E3D4B75FA4C7}.Release|Any CPU.ActiveCfg = Release|Any CPU
		{0DC3DBDC-4E94-49F2-AE4B-E3D4B75FA4C7}.Release|Any CPU.Build.0 = Release|Any CPU
	EndGlobalSection
	GlobalSection(SolutionProperties) = preSolution
		HideSolutionNode = FALSE
	EndGlobalSection
	GlobalSection(ExtensibilityGlobals) = postSolution
		SolutionGuid = {8D8E0053-5837-45FA-8A5B-13ACAB9EE230}
	EndGlobalSection
EndGlobal
